
Microsoft Visual Studio Solution File, Format Version 12.00
# Visual Studio 15
VisualStudioVersion = 15.0.28307.902
MinimumVisualStudioVersion = 10.0.40219.1
Project("{FAE04EC0-301F-11D3-BF4B-00C04F79EFBC}") = "CafeTongTong", "CafeTongTong\CafeTongTong.csproj", "{9B358056-A33D-4B8F-B0B7-699038511D18}"
EndProject
Global
	GlobalSection(SolutionConfigurationPlatforms) = preSolution
		Debug|Any CPU = Debug|Any CPU
		Release|Any CPU = Release|Any CPU
	EndGlobalSection
	GlobalSection(ProjectConfigurationPlatforms) = postSolution
		{9B358056-A33D-4B8F-B0B7-699038511D18}.Debug|Any CPU.ActiveCfg = Debug|Any CPU
		{9B358056-A33D-4B8F-B0B7-699038511D18}.Debug|Any CPU.Build.0 = Debug|Any CPU
		{9B358056-A33D-4B8F-B0B7-699038511D18}.Release|Any CPU.ActiveCfg = Release|Any CPU
		{9B358056-A33D-4B8F-B0B7-699038511D18}.Release|Any CPU.Build.0 = Release|Any CPU
	EndGlobalSection
	GlobalSection(SolutionProperties) = preSolution
		HideSolutionNode = FALSE
	EndGlobalSection
	GlobalSection(ExtensibilityGlobals) = postSolution
		SolutionGuid = {3EC4A12D-E7F6-4A1A-A83E-8CFA113FBAEC}
	EndGlobalSection
EndGlobal
